# @generated by Move, please check-in and do not edit manually.

[move]
version = 3
manifest_digest = "0530594B863BEADA4003763A78EAA97E7F97E6964F9BDDCC5D4AF0E34C9F9FBB"
deps_digest = "F8BBB0CCB2491CA29A3DF03D6F92277A4F3574266507ACD77214D37ECA3F3082"
dependencies = [
  { id = "Sui", name = "Sui" },
]

[[move.package]]
id = "MoveStdlib"
source = { git = "https://github.com/MystenLabs/sui.git", rev = "framework/devnet", subdir = "crates\\sui-framework\\packages\\move-stdlib" }

[[move.package]]
id = "Sui"
source = { git = "https://github.com/MystenLabs/sui.git", rev = "framework/devnet", subdir = "crates/sui-framework/packages/sui-framework" }

dependencies = [
  { id = "MoveStdlib", name = "MoveStdlib" },
]

[move.toolchain-version]
compiler-version = "1.43.0"
edition = "2024.beta"
flavor = "sui"

[env]

[env.devnet]
chain-id = "b7899290"
original-published-id = "0xc490bb89b8020e65f77c9e89e37a692788f6c762195203ed9697ccd5f8902a7a"
latest-published-id = "0xc490bb89b8020e65f77c9e89e37a692788f6c762195203ed9697ccd5f8902a7a"
published-version = "1"
