# @generated by Move, please check-in and do not edit manually.

[move]
version = 3
manifest_digest = "74F3F23CB3AF9228A4F581031C4EC2A4CE8FA1198E2CB68BEA4908CDB2730CB7"
deps_digest = "F8BBB0CCB2491CA29A3DF03D6F92277A4F3574266507ACD77214D37ECA3F3082"
dependencies = [
  { id = "Sui", name = "Sui" },
]

[[move.package]]
id = "MoveStdlib"
source = { git = "https://github.com/MystenLabs/sui.git", rev = "framework/testnet", subdir = "crates\\sui-framework\\packages\\move-stdlib" }

[[move.package]]
id = "Sui"
source = { git = "https://github.com/MystenLabs/sui.git", rev = "framework/testnet", subdir = "crates/sui-framework/packages/sui-framework" }

dependencies = [
  { id = "MoveStdlib", name = "MoveStdlib" },
]

[move.toolchain-version]
compiler-version = "1.42.0"
edition = "2024.beta"
flavor = "sui"

[env]

[env.devnet]
chain-id = "5c7c5411"
original-published-id = "0x265b7a48884e296e01f1b0f520e0c52b7448700ef115ceabe726c160a48207a7"
latest-published-id = "0x265b7a48884e296e01f1b0f520e0c52b7448700ef115ceabe726c160a48207a7"
published-version = "1"
