# @generated by Move, please check-in and do not edit manually.

[move]
version = 3
manifest_digest = "CA615D40751EFF56578DA239C43DA769375CF73E866395FC9C85B9B43302FB8C"
deps_digest = "F8BBB0CCB2491CA29A3DF03D6F92277A4F3574266507ACD77214D37ECA3F3082"
dependencies = [
  { id = "Sui", name = "Sui" },
]

[[move.package]]
id = "MoveStdlib"
source = { git = "https://github.com/MystenLabs/sui.git", rev = "framework/testnet", subdir = "crates\\sui-framework\\packages\\move-stdlib" }

[[move.package]]
id = "Sui"
source = { git = "https://github.com/MystenLabs/sui.git", rev = "framework/testnet", subdir = "crates/sui-framework/packages/sui-framework" }

dependencies = [
  { id = "MoveStdlib", name = "MoveStdlib" },
]

[move.toolchain-version]
compiler-version = "1.43.0"
edition = "2024.beta"
flavor = "sui"

[env]

[env.devnet]
chain-id = "5c7c5411"
original-published-id = "0xba0283131bfe519423357f6fcc41c3a37b27a58e7a76c0bd02ad43d9b78263ae"
latest-published-id = "0xba0283131bfe519423357f6fcc41c3a37b27a58e7a76c0bd02ad43d9b78263ae"
published-version = "1"
